Microsoft Visual Studio Solution File, Format Version 11.00
# Visual Studio 2008

Project("{683F0054-7E30-6312-E31C-8180FC4B6FAD}") = "lagging Ghost starting animating sux", "Assembly-CSharp-vs.csproj", "{8C44E5F2-47BF-546B-DF6D-B5B47D816F6B}"
EndProject
Global
	GlobalSection(SolutionConfigurationPlatforms) = preSolution
		Debug|Any CPU = Debug|Any CPU
		Release|Any CPU = Release|Any CPU
	EndGlobalSection
	GlobalSection(ProjectConfigurationPlatforms) = postSolution
		{8C44E5F2-47BF-546B-DF6D-B5B47D816F6B}.Debug|Any CPU.ActiveCfg = Debug|Any CPU
		{8C44E5F2-47BF-546B-DF6D-B5B47D816F6B}.Debug|Any CPU.Build.0 = Debug|Any CPU
		{8C44E5F2-47BF-546B-DF6D-B5B47D816F6B}.Release|Any CPU.ActiveCfg = Release|Any CPU
		{8C44E5F2-47BF-546B-DF6D-B5B47D816F6B}.Release|Any CPU.Build.0 = Release|Any CPU
	EndGlobalSection
	GlobalSection(SolutionProperties) = preSolution
		HideSolutionNode = FALSE
	EndGlobalSection
																																																														GlobalSection(MonoDevelopProperties) = preSolution
		StartupItem = Assembly-CSharp.csproj
		Policies = $0
		$0.TextStylePolicy = $1
		$1.inheritsSet = null
		$1.scope = text/x-csharp
		$0.CSharpFormattingPolicy = $2
		$2.inheritsSet = Mono
		$2.inheritsScope = text/x-csharp
		$2.scope = text/x-csharp
		$0.TextStylePolicy = $3
		$3.FileWidth = 120
		$3.TabWidth = 4
		$3.EolMarker = Unix
		$3.inheritsSet = Mono
		$3.inheritsScope = text/plain
		$3.scope = text/plain
	EndGlobalSection

EndGlobal
